
Microsoft Visual Studio Solution File, Format Version 12.00
# Visual Studio Version 16
VisualStudioVersion = 16.0.31515.178
MinimumVisualStudioVersion = 10.0.40219.1
Project("{FAE04EC0-301F-11D3-BF4B-00C04F79EFBC}") = "World", "World\World.csproj", "{2D8E4CE4-F9A7-425A-8F1B-E549BE12393E}"
EndProject
Global
	GlobalSection(SolutionConfigurationPlatforms) = preSolution
		Debug|Any CPU = Debug|Any CPU
		Release|Any CPU = Release|Any CPU
	EndGlobalSection
	GlobalSection(ProjectConfigurationPlatforms) = postSolution
		{2D8E4CE4-F9A7-425A-8F1B-E549BE12393E}.Debug|Any CPU.ActiveCfg = Debug|Any CPU
		{2D8E4CE4-F9A7-425A-8F1B-E549BE12393E}.Debug|Any CPU.Build.0 = Debug|Any CPU
		{2D8E4CE4-F9A7-425A-8F1B-E549BE12393E}.Release|Any CPU.ActiveCfg = Release|Any CPU
		{2D8E4CE4-F9A7-425A-8F1B-E549BE12393E}.Release|Any CPU.Build.0 = Release|Any CPU
	EndGlobalSection
	GlobalSection(SolutionProperties) = preSolution
		HideSolutionNode = FALSE
	EndGlobalSection
	GlobalSection(ExtensibilityGlobals) = postSolution
		SolutionGuid = {AF24EFEA-3EB3-48E7-AF4D-2B6012FD6894}
	EndGlobalSection
EndGlobal
